
Microsoft Visual Studio Solution File, Format Version 12.00
# Visual Studio Version 16
VisualStudioVersion = 16.0.32126.315
MinimumVisualStudioVersion = 10.0.40219.1
Project("{FAE04EC0-301F-11D3-BF4B-00C04F79EFBC}") = "Lab3_Kulazhin", "Lab3_Kulazhin.csproj", "{4AA24752-1688-480E-AFFB-97395C34415E}"
EndProject
Global
	GlobalSection(SolutionConfigurationPlatforms) = preSolution
		Debug|Any CPU = Debug|Any CPU
		Release|Any CPU = Release|Any CPU
	EndGlobalSection
	GlobalSection(ProjectConfigurationPlatforms) = postSolution
		{4AA24752-1688-480E-AFFB-97395C34415E}.Debug|Any CPU.ActiveCfg = Debug|Any CPU
		{4AA24752-1688-480E-AFFB-97395C34415E}.Debug|Any CPU.Build.0 = Debug|Any CPU
		{4AA24752-1688-480E-AFFB-97395C34415E}.Release|Any CPU.ActiveCfg = Release|Any CPU
		{4AA24752-1688-480E-AFFB-97395C34415E}.Release|Any CPU.Build.0 = Release|Any CPU
	EndGlobalSection
	GlobalSection(SolutionProperties) = preSolution
		HideSolutionNode = FALSE
	EndGlobalSection
	GlobalSection(ExtensibilityGlobals) = postSolution
		SolutionGuid = {D45E4834-669B-437A-B62E-1BB3D93C506F}
	EndGlobalSection
EndGlobal
